
Microsoft Visual Studio Solution File, Format Version 12.00
# Visual Studio Version 16
VisualStudioVersion = 16.0.31105.61
MinimumVisualStudioVersion = 10.0.40219.1
Project("{FAE04EC0-301F-11D3-BF4B-00C04F79EFBC}") = "A892569.Actividad01", "A892569.Actividad01.csproj", "{CE1F823A-1420-48F8-8F57-555D45B0D447}"
EndProject
Global
	GlobalSection(SolutionConfigurationPlatforms) = preSolution
		Debug|Any CPU = Debug|Any CPU
		Release|Any CPU = Release|Any CPU
	EndGlobalSection
	GlobalSection(ProjectConfigurationPlatforms) = postSolution
		{CE1F823A-1420-48F8-8F57-555D45B0D447}.Debug|Any CPU.ActiveCfg = Debug|Any CPU
		{CE1F823A-1420-48F8-8F57-555D45B0D447}.Debug|Any CPU.Build.0 = Debug|Any CPU
		{CE1F823A-1420-48F8-8F57-555D45B0D447}.Release|Any CPU.ActiveCfg = Release|Any CPU
		{CE1F823A-1420-48F8-8F57-555D45B0D447}.Release|Any CPU.Build.0 = Release|Any CPU
	EndGlobalSection
	GlobalSection(SolutionProperties) = preSolution
		HideSolutionNode = FALSE
	EndGlobalSection
	GlobalSection(ExtensibilityGlobals) = postSolution
		SolutionGuid = {F166608D-868D-49D1-86F9-4271925545CB}
	EndGlobalSection
EndGlobal
